Microsoft Visual Studio Solution File, Format Version 12.00
# Visual Studio Version 17
VisualStudioVersion = 17.5.2.0
MinimumVisualStudioVersion = 10.0.40219.1
Project("{2150E333-8FDC-42A3-9474-1A3956D46DE8}") = "UvsTask", "UvsTask", "{0C88DD14-F956-CE84-757C-A364CCF449FC}"
EndProject
Project("{FAE04EC0-301F-11D3-BF4B-00C04F79EFBC}") = "DatabaseSchema", "UvsTask\DatabaseSchema\DatabaseSchema.csproj", "{87758603-0F83-514E-080A-77B71833DB09}"
EndProject
Global
	GlobalSection(SolutionConfigurationPlatforms) = preSolution
		Debug|Any CPU = Debug|Any CPU
		Release|Any CPU = Release|Any CPU
	EndGlobalSection
	GlobalSection(ProjectConfigurationPlatforms) = postSolution
		{87758603-0F83-514E-080A-77B71833DB09}.Debug|Any CPU.ActiveCfg = Debug|Any CPU
		{87758603-0F83-514E-080A-77B71833DB09}.Debug|Any CPU.Build.0 = Debug|Any CPU
		{87758603-0F83-514E-080A-77B71833DB09}.Release|Any CPU.ActiveCfg = Release|Any CPU
		{87758603-0F83-514E-080A-77B71833DB09}.Release|Any CPU.Build.0 = Release|Any CPU
	EndGlobalSection
	GlobalSection(SolutionProperties) = preSolution
		HideSolutionNode = FALSE
	EndGlobalSection
	GlobalSection(NestedProjects) = preSolution
		{87758603-0F83-514E-080A-77B71833DB09} = {0C88DD14-F956-CE84-757C-A364CCF449FC}
	EndGlobalSection
	GlobalSection(ExtensibilityGlobals) = postSolution
		SolutionGuid = {58CFA71C-9681-4550-824A-2FC57B63210F}
	EndGlobalSection
EndGlobal
